# This file is automatically @generated by Cargo.
# It is not intended for manual editing.
version = 3

[[package]]
name = "bitflags"
version = "1.3.2"

[[package]]
name = "cfg-if"
version = "1.0.0"

[[package]]
name = "cstr_core"
version = "0.2.5"
dependencies = [
 "cty",
 "memchr",
]

[[package]]
name = "cty"
version = "0.2.2"

[[package]]
name = "fatfs"
version = "0.4.0"
dependencies = [
 "bitflags",
 "log",
]

[[package]]
name = "log"
version = "0.4.14"
dependencies = [
 "cfg-if",
]

[[package]]
name = "memchr"
version = "2.4.1"

[[package]]
name = "rust"
version = "0.1.0"
dependencies = [
 "cstr_core",
 "cty",
 "fatfs",
 "uuid",
]

[[package]]
name = "uuid"
version = "1.0.0-alpha.1"
